
Microsoft Visual Studio Solution File, Format Version 12.00
# Visual Studio Version 16
VisualStudioVersion = 16.0.29509.3
MinimumVisualStudioVersion = 10.0.40219.1
Project("{9A19103F-16F7-4668-BE54-9A1E7A4F7556}") = "ConsoleAppAppDynamics", "ConsoleAppAppDynamics\ConsoleAppAppDynamics.csproj", "{421E8D21-70CB-46BE-889C-6DE3BD7B661F}"
EndProject
Project("{9A19103F-16F7-4668-BE54-9A1E7A4F7556}") = "Application.Dashboard", "Application.Dashboard\Application.Dashboard.csproj", "{49F63ECF-7247-4EE7-843D-B6CDDB7E390E}"
EndProject
Project("{FAE04EC0-301F-11D3-BF4B-00C04F79EFBC}") = "Application.Monitoring.Common", "Application.Monitoring.Common\Application.Monitoring.Common.csproj", "{DC0EA8D8-4398-4543-8613-51E6A4C5EC97}"
EndProject
Global
	GlobalSection(SolutionConfigurationPlatforms) = preSolution
		Debug|Any CPU = Debug|Any CPU
		Release|Any CPU = Release|Any CPU
	EndGlobalSection
	GlobalSection(ProjectConfigurationPlatforms) = postSolution
		{421E8D21-70CB-46BE-889C-6DE3BD7B661F}.Debug|Any CPU.ActiveCfg = Debug|Any CPU
		{421E8D21-70CB-46BE-889C-6DE3BD7B661F}.Debug|Any CPU.Build.0 = Debug|Any CPU
		{421E8D21-70CB-46BE-889C-6DE3BD7B661F}.Release|Any CPU.ActiveCfg = Release|Any CPU
		{421E8D21-70CB-46BE-889C-6DE3BD7B661F}.Release|Any CPU.Build.0 = Release|Any CPU
		{49F63ECF-7247-4EE7-843D-B6CDDB7E390E}.Debug|Any CPU.ActiveCfg = Debug|Any CPU
		{49F63ECF-7247-4EE7-843D-B6CDDB7E390E}.Debug|Any CPU.Build.0 = Debug|Any CPU
		{49F63ECF-7247-4EE7-843D-B6CDDB7E390E}.Release|Any CPU.ActiveCfg = Release|Any CPU
		{49F63ECF-7247-4EE7-843D-B6CDDB7E390E}.Release|Any CPU.Build.0 = Release|Any CPU
		{DC0EA8D8-4398-4543-8613-51E6A4C5EC97}.Debug|Any CPU.ActiveCfg = Debug|Any CPU
		{DC0EA8D8-4398-4543-8613-51E6A4C5EC97}.Debug|Any CPU.Build.0 = Debug|Any CPU
		{DC0EA8D8-4398-4543-8613-51E6A4C5EC97}.Release|Any CPU.ActiveCfg = Release|Any CPU
		{DC0EA8D8-4398-4543-8613-51E6A4C5EC97}.Release|Any CPU.Build.0 = Release|Any CPU
	EndGlobalSection
	GlobalSection(SolutionProperties) = preSolution
		HideSolutionNode = FALSE
	EndGlobalSection
	GlobalSection(ExtensibilityGlobals) = postSolution
		SolutionGuid = {936E542D-4FFD-40AB-B911-89B52877609A}
	EndGlobalSection
EndGlobal
